<?xml version="1.0" encoding="utf-8"?>
<Project ToolsVersion="4.0" xmlns="http://schemas.microsoft.com/developer/msbuild/2003">
  <ItemGroup>
    <Filter Include="Resource Files">
      <UniqueIdentifier>{1a913106-0be0-4476-b0ce-2aa855072614}</UniqueIdentifier>
      <Extensions>ico;cur;bmp;dlg;rc2;rct;bin;cnt;rtf;gif;jpg;jpeg;jpe</Extensions>
    </Filter>
    <Filter Include="MFC">
      <UniqueIdentifier>{da904ee8-7f59-4a6c-b3ff-b91b6fb6d0ea}</UniqueIdentifier>
    </Filter>
    <Filter Include="GameLibrary">
      <UniqueIdentifier>{df7aa532-3fdf-46a0-b3fc-8f5922e8d9e4}</UniqueIdentifier>
    </Filter>
    <Filter Include="MyGame">
      <UniqueIdentifier>{0c798913-b7d2-4e26-8241-0f83266cd626}</UniqueIdentifier>
    </Filter>
  </ItemGroup>
  <ItemGroup>
    <None Include="RES\bmp0.bmp">
      <Filter>Resource Files</Filter>
    </None>
    <None Include="RES\bmp1.bmp">
      <Filter>Resource Files</Filter>
    </None>
    <None Include="RES\bmp2.bmp">
      <Filter>Resource Files</Filter>
    </None>
    <None Include="RES\bmp3.bmp">
      <Filter>Resource Files</Filter>
    </None>
    <None Include="RES\bmp4.bmp">
      <Filter>Resource Files</Filter>
    </None>
    <None Include="RES\bmp5.bmp">
      <Filter>Resource Files</Filter>
    </None>
    <None Include="RES\bmp6.bmp">
      <Filter>Resource Files</Filter>
    </None>
    <None Include="RES\bmp7.bmp">
      <Filter>Resource Files</Filter>
    </None>
    <None Include="RES\bmp8.bmp">
      <Filter>Resource Files</Filter>
    </None>
    <None Include="RES\bmp9.bmp">
      <Filter>Resource Files</Filter>
    </None>
    <None Include="res\game.ico">
      <Filter>Resource Files</Filter>
    </None>
    <None Include="res\game.rc2">
      <Filter>Resource Files</Filter>
    </None>
    <None Include="RES\gamecurs.cur">
      <Filter>Resource Files</Filter>
    </None>
    <None Include="res\gameDoc.ico">
      <Filter>Resource Files</Filter>
    </None>
    <None Include="RES\loading.bmp">
      <Filter>Resource Files</Filter>
    </None>
    <None Include="res\Toolbar.bmp">
      <Filter>Resource Files</Filter>
    </None>
  </ItemGroup>
  <ItemGroup>
    <ClCompile Include="Source\audio.cpp">
      <Filter>GameLibrary</Filter>
    </ClCompile>
    <ClCompile Include="Source\game.cpp">
      <Filter>MFC</Filter>
    </ClCompile>
    <ClCompile Include="Source\gameDoc.cpp">
      <Filter>MFC</Filter>
    </ClCompile>
    <ClCompile Include="Source\gamelib.cpp">
      <Filter>GameLibrary</Filter>
    </ClCompile>
    <ClCompile Include="Source\gameView.cpp">
      <Filter>MFC</Filter>
    </ClCompile>
    <ClCompile Include="Source\MainFrm.cpp">
      <Filter>MFC</Filter>
    </ClCompile>
    <ClCompile Include="Source\StdAfx.cpp">
      <Filter>MFC</Filter>
    </ClCompile>
    <ClCompile Include="Source\mygame.cpp">
      <Filter>MyGame</Filter>
    </ClCompile>
    <ClCompile Include="Source\Dog.cpp">
      <Filter>MyGame</Filter>
    </ClCompile>
    <ClCompile Include="Source\Background.cpp">
      <Filter>MyGame</Filter>
    </ClCompile>
    <ClCompile Include="Source\Cat.cpp">
      <Filter>MyGame</Filter>
    </ClCompile>
    <ClCompile Include="Source\CatBase.cpp">
      <Filter>MyGame</Filter>
    </ClCompile>
    <ClCompile Include="Source\Basic_Cat.cpp">
      <Filter>MyGame</Filter>
    </ClCompile>
    <ClCompile Include="Source\Basic_Dog.cpp">
      <Filter>MyGame</Filter>
    </ClCompile>
    <ClCompile Include="Source\DogBase.cpp">
      <Filter>MyGame</Filter>
    </ClCompile>
    <ClCompile Include="Source\Button.cpp">
      <Filter>MyGame</Filter>
    </ClCompile>
    <ClCompile Include="Source\Basic_Cat_Btn.cpp">
      <Filter>MyGame</Filter>
    </ClCompile>
    <ClCompile Include="Source\DogComputer.cpp">
      <Filter>MyGame</Filter>
    </ClCompile>
    <ClCompile Include="Source\Tank_Cat.cpp">
      <Filter>MyGame</Filter>
    </ClCompile>
    <ClCompile Include="Source\Tank_Cat_Btn.cpp">
      <Filter>MyGame</Filter>
    </ClCompile>
    <ClCompile Include="Source\Upgrade_Btn.cpp">
      <Filter>MyGame</Filter>
    </ClCompile>
    <ClCompile Include="Source\Long_Leg_Cat.cpp">
      <Filter>MyGame</Filter>
    </ClCompile>
    <ClCompile Include="Source\Long_Leg_Cat_Btn.cpp">
      <Filter>MyGame</Filter>
    </ClCompile>
    <ClCompile Include="Source\Battle_Cat.cpp">
      <Filter>MyGame</Filter>
    </ClCompile>
    <ClCompile Include="Source\Battle_Cat_Btn.cpp">
      <Filter>MyGame</Filter>
    </ClCompile>
    <ClCompile Include="Source\God_Cat_Btn.cpp">
      <Filter>MyGame</Filter>
    </ClCompile>
    <ClCompile Include="Source\World_Background.cpp">
      <Filter>MyGame</Filter>
    </ClCompile>
  </ItemGroup>
  <ItemGroup>
    <ClInclude Include="Source\audio.h">
      <Filter>GameLibrary</Filter>
    </ClInclude>
    <ClInclude Include="Source\game.h">
      <Filter>MFC</Filter>
    </ClInclude>
    <ClInclude Include="Source\gameDoc.h">
      <Filter>MFC</Filter>
    </ClInclude>
    <ClInclude Include="Source\gamelib.h">
      <Filter>GameLibrary</Filter>
    </ClInclude>
    <ClInclude Include="Source\gameView.h">
      <Filter>MFC</Filter>
    </ClInclude>
    <ClInclude Include="Source\MainFrm.h">
      <Filter>MFC</Filter>
    </ClInclude>
    <ClInclude Include="Source\Resource.h">
      <Filter>MFC</Filter>
    </ClInclude>
    <ClInclude Include="Source\StdAfx.h">
      <Filter>MFC</Filter>
    </ClInclude>
    <ClInclude Include="Source\mygame.h">
      <Filter>MyGame</Filter>
    </ClInclude>
    <ClInclude Include="Source\Dog.h">
      <Filter>MyGame</Filter>
    </ClInclude>
    <ClInclude Include="Source\Background.h">
      <Filter>MyGame</Filter>
    </ClInclude>
    <ClInclude Include="Source\Cat.h">
      <Filter>MyGame</Filter>
    </ClInclude>
    <ClInclude Include="Source\CatBase.h">
      <Filter>MyGame</Filter>
    </ClInclude>
    <ClInclude Include="Source\Basic_Cat.h">
      <Filter>MyGame</Filter>
    </ClInclude>
    <ClInclude Include="Source\Basic_Dog.h">
      <Filter>MyGame</Filter>
    </ClInclude>
    <ClInclude Include="Source\DogBase.h">
      <Filter>MyGame</Filter>
    </ClInclude>
    <ClInclude Include="Source\Button.h">
      <Filter>MyGame</Filter>
    </ClInclude>
    <ClInclude Include="Source\Basic_Cat_Btn.h">
      <Filter>MyGame</Filter>
    </ClInclude>
    <ClInclude Include="Source\DogComputer.h">
      <Filter>MyGame</Filter>
    </ClInclude>
    <ClInclude Include="Source\Tank_Cat.h">
      <Filter>MyGame</Filter>
    </ClInclude>
    <ClInclude Include="Source\Tank_Cat_Btn.h">
      <Filter>MyGame</Filter>
    </ClInclude>
    <ClInclude Include="Source\Upgrade_Btn.h">
      <Filter>MyGame</Filter>
    </ClInclude>
    <ClInclude Include="Source\Long_Leg_Cat.h">
      <Filter>MyGame</Filter>
    </ClInclude>
    <ClInclude Include="Source\Long_Leg_Cat_Btn.h">
      <Filter>MyGame</Filter>
    </ClInclude>
    <ClInclude Include="Source\Battle_Cat.h">
      <Filter>MyGame</Filter>
    </ClInclude>
    <ClInclude Include="Source\Battle_Cat_Btn.h">
      <Filter>MyGame</Filter>
    </ClInclude>
    <ClInclude Include="Source\God_Cat_Btn.h">
      <Filter>MyGame</Filter>
    </ClInclude>
    <ClInclude Include="Source\World_Background.h">
      <Filter>MyGame</Filter>
    </ClInclude>
  </ItemGroup>
  <ItemGroup>
    <ResourceCompile Include="Source\game.rc">
      <Filter>MFC</Filter>
    </ResourceCompile>
  </ItemGroup>
  <ItemGroup>
    <Image Include="RES\background.bmp">
      <Filter>Resource Files</Filter>
    </Image>
    <Image Include="RES\cat.bmp">
      <Filter>Resource Files</Filter>
    </Image>
    <Image Include="RES\cat2.bmp">
      <Filter>Resource Files</Filter>
    </Image>
    <Image Include="RES\cat3.bmp">
      <Filter>Resource Files</Filter>
    </Image>
    <Image Include="RES\cat_punch.bmp">
      <Filter>Resource Files</Filter>
    </Image>
    <Image Include="RES\cat_attack.bmp">
      <Filter>Resource Files</Filter>
    </Image>
    <Image Include="RES\cat_attack2.bmp">
      <Filter>Resource Files</Filter>
    </Image>
    <Image Include="RES\cat_attack3.bmp">
      <Filter>Resource Files</Filter>
    </Image>
    <Image Include="RES\dog.bmp">
      <Filter>Resource Files</Filter>
    </Image>
    <Image Include="RES\dog2.bmp">
      <Filter>Resource Files</Filter>
    </Image>
    <Image Include="RES\dog3.bmp">
      <Filter>Resource Files</Filter>
    </Image>
    <Image Include="RES\dog_punch.bmp">
      <Filter>Resource Files</Filter>
    </Image>
    <Image Include="RES\dog_attack2.bmp">
      <Filter>Resource Files</Filter>
    </Image>
    <Image Include="RES\dog_attack3.bmp">
      <Filter>Resource Files</Filter>
    </Image>
    <Image Include="RES\cat_die.bmp">
      <Filter>Resource Files</Filter>
    </Image>
    <Image Include="RES\cat_die2.bmp">
      <Filter>Resource Files</Filter>
    </Image>
    <Image Include="RES\cat_die3.bmp">
      <Filter>Resource Files</Filter>
    </Image>
    <Image Include="RES\cat_die4.bmp">
      <Filter>Resource Files</Filter>
    </Image>
    <Image Include="RES\die.bmp">
      <Filter>Resource Files</Filter>
    </Image>
    <Image Include="RES\die2.bmp">
      <Filter>Resource Files</Filter>
    </Image>
    <Image Include="RES\die3.bmp">
      <Filter>Resource Files</Filter>
    </Image>
    <Image Include="RES\die4.bmp">
      <Filter>Resource Files</Filter>
    </Image>
    <Image Include="RES\cat_base.bmp">
      <Filter>Resource Files</Filter>
    </Image>
    <Image Include="RES\dog_base.bmp">
      <Filter>Resource Files</Filter>
    </Image>
    <Image Include="F:\dog war\RES\dog_attack.bmp">
      <Filter>Resource Files</Filter>
    </Image>
    <Image Include="RES\basic_dog_btn.bmp">
      <Filter>Resource Files</Filter>
    </Image>
    <Image Include="RES\basic_cat_btn.bmp">
      <Filter>Resource Files</Filter>
    </Image>
    <Image Include="RES\slash.bmp">
      <Filter>Resource Files</Filter>
    </Image>
    <Image Include="RES\basic_cat_btn_dark.bmp">
      <Filter>Resource Files</Filter>
    </Image>
    <Image Include="RES\won.bmp">
      <Filter>Resource Files</Filter>
    </Image>
    <Image Include="RES\dog_attack.bmp">
      <Filter>Resource Files</Filter>
    </Image>
    <Image Include="..\..\Documents\oopcourse821\dog war\RES\tank_cat.bmp">
      <Filter>Resource Files</Filter>
    </Image>
    <Image Include="..\..\Documents\oopcourse821\dog war\RES\tank_cat2.bmp">
      <Filter>Resource Files</Filter>
    </Image>
    <Image Include="..\..\Documents\oopcourse821\dog war\RES\tank_cat3.bmp">
      <Filter>Resource Files</Filter>
    </Image>
    <Image Include="..\..\Documents\oopcourse821\dog war\RES\tank_cat_attack.bmp">
      <Filter>Resource Files</Filter>
    </Image>
    <Image Include="..\..\Documents\oopcourse821\dog war\RES\tank_cat_attack2.bmp">
      <Filter>Resource Files</Filter>
    </Image>
    <Image Include="..\..\Documents\oopcourse821\dog war\RES\tank_cat_attack3.bmp">
      <Filter>Resource Files</Filter>
    </Image>
    <Image Include="..\..\Documents\oopcourse821\dog war\RES\tank_cat_btn.bmp">
      <Filter>Resource Files</Filter>
    </Image>
    <Image Include="..\..\Documents\oopcourse821\dog war\RES\tank_cat_attack4.bmp">
      <Filter>Resource Files</Filter>
    </Image>
    <Image Include="..\..\Documents\oopcourse821\dog war\RES\tank_cat_punch.bmp">
      <Filter>Resource Files</Filter>
    </Image>
    <Image Include="..\..\Documents\oopcourse821\dog war\RES\tank_cat_btn_dark.bmp">
      <Filter>Resource Files</Filter>
    </Image>
    <Image Include="RES\tank_cat.bmp">
      <Filter>Resource Files</Filter>
    </Image>
    <Image Include="RES\tank_cat2.bmp">
      <Filter>Resource Files</Filter>
    </Image>
    <Image Include="RES\tank_cat3.bmp">
      <Filter>Resource Files</Filter>
    </Image>
    <Image Include="RES\tank_cat_attack.bmp">
      <Filter>Resource Files</Filter>
    </Image>
    <Image Include="RES\tank_cat_attack2.bmp">
      <Filter>Resource Files</Filter>
    </Image>
    <Image Include="RES\tank_cat_attack3.bmp">
      <Filter>Resource Files</Filter>
    </Image>
    <Image Include="RES\tank_cat_btn.bmp">
      <Filter>Resource Files</Filter>
    </Image>
    <Image Include="RES\tank_cat_attack4.bmp">
      <Filter>Resource Files</Filter>
    </Image>
    <Image Include="RES\tank_cat_punch.bmp">
      <Filter>Resource Files</Filter>
    </Image>
    <Image Include="RES\tank_cat_btn_dark.bmp">
      <Filter>Resource Files</Filter>
    </Image>
    <Image Include="RES\zero.bmp">
      <Filter>Resource Files</Filter>
    </Image>
    <Image Include="RES\one.bmp">
      <Filter>Resource Files</Filter>
    </Image>
    <Image Include="RES\two.bmp">
      <Filter>Resource Files</Filter>
    </Image>
    <Image Include="RES\three.bmp">
      <Filter>Resource Files</Filter>
    </Image>
    <Image Include="RES\four.bmp">
      <Filter>Resource Files</Filter>
    </Image>
    <Image Include="RES\five.bmp">
      <Filter>Resource Files</Filter>
    </Image>
    <Image Include="RES\six.bmp">
      <Filter>Resource Files</Filter>
    </Image>
    <Image Include="RES\seven.bmp">
      <Filter>Resource Files</Filter>
    </Image>
    <Image Include="RES\eight.bmp">
      <Filter>Resource Files</Filter>
    </Image>
    <Image Include="RES\nine.bmp">
      <Filter>Resource Files</Filter>
    </Image>
    <Image Include="RES\slash2.bmp">
      <Filter>Resource Files</Filter>
    </Image>
    <Image Include="RES\L0.bmp">
      <Filter>Resource Files</Filter>
    </Image>
    <Image Include="RES\L1.bmp">
      <Filter>Resource Files</Filter>
    </Image>
    <Image Include="RES\L2.bmp">
      <Filter>Resource Files</Filter>
    </Image>
    <Image Include="RES\L3.bmp">
      <Filter>Resource Files</Filter>
    </Image>
    <Image Include="RES\L4.bmp">
      <Filter>Resource Files</Filter>
    </Image>
    <Image Include="RES\L5.bmp">
      <Filter>Resource Files</Filter>
    </Image>
    <Image Include="RES\L6.bmp">
      <Filter>Resource Files</Filter>
    </Image>
    <Image Include="RES\L7.bmp">
      <Filter>Resource Files</Filter>
    </Image>
    <Image Include="RES\L8.bmp">
      <Filter>Resource Files</Filter>
    </Image>
    <Image Include="RES\L9.bmp">
      <Filter>Resource Files</Filter>
    </Image>
    <Image Include="RES\LW.bmp">
      <Filter>Resource Files</Filter>
    </Image>
    <Image Include="RES\level1.bmp">
      <Filter>Resource Files</Filter>
    </Image>
    <Image Include="RES\level1_2.bmp">
      <Filter>Resource Files</Filter>
    </Image>
    <Image Include="RES\level1_dark.bmp">
      <Filter>Resource Files</Filter>
    </Image>
    <Image Include="RES\level2.bmp">
      <Filter>Resource Files</Filter>
    </Image>
    <Image Include="RES\level2_2.bmp">
      <Filter>Resource Files</Filter>
    </Image>
    <Image Include="RES\level2_dark.bmp">
      <Filter>Resource Files</Filter>
    </Image>
    <Image Include="RES\level3.bmp">
      <Filter>Resource Files</Filter>
    </Image>
    <Image Include="RES\level3_2.bmp">
      <Filter>Resource Files</Filter>
    </Image>
    <Image Include="RES\level3_dark.bmp">
      <Filter>Resource Files</Filter>
    </Image>
    <Image Include="RES\level4.bmp">
      <Filter>Resource Files</Filter>
    </Image>
    <Image Include="RES\level4_2.bmp">
      <Filter>Resource Files</Filter>
    </Image>
    <Image Include="RES\level4_dark.bmp">
      <Filter>Resource Files</Filter>
    </Image>
    <Image Include="RES\level5.bmp">
      <Filter>Resource Files</Filter>
    </Image>
    <Image Include="RES\level5_2.bmp">
      <Filter>Resource Files</Filter>
    </Image>
    <Image Include="RES\level5_dark.bmp">
      <Filter>Resource Files</Filter>
    </Image>
    <Image Include="RES\level6.bmp">
      <Filter>Resource Files</Filter>
    </Image>
    <Image Include="RES\level6_2.bmp">
      <Filter>Resource Files</Filter>
    </Image>
    <Image Include="RES\level6_dark.bmp">
      <Filter>Resource Files</Filter>
    </Image>
    <Image Include="RES\level7.bmp">
      <Filter>Resource Files</Filter>
    </Image>
    <Image Include="RES\level7_2.bmp">
      <Filter>Resource Files</Filter>
    </Image>
    <Image Include="RES\level7_dark.bmp">
      <Filter>Resource Files</Filter>
    </Image>
    <Image Include="RES\level8.bmp">
      <Filter>Resource Files</Filter>
    </Image>
    <Image Include="RES\start.bmp">
      <Filter>Resource Files</Filter>
    </Image>
    <Image Include="RES\long_leg_cat_btn.bmp">
      <Filter>Resource Files</Filter>
    </Image>
    <Image Include="RES\long_leg_cat_btn_dark.bmp">
      <Filter>Resource Files</Filter>
    </Image>
    <Image Include="RES\long_leg_cat.bmp">
      <Filter>Resource Files</Filter>
    </Image>
    <Image Include="RES\long_leg_cat2 .bmp">
      <Filter>Resource Files</Filter>
    </Image>
    <Image Include="RES\long_leg_cat3 .bmp">
      <Filter>Resource Files</Filter>
    </Image>
    <Image Include="RES\long_leg_cat4.bmp">
      <Filter>Resource Files</Filter>
    </Image>
    <Image Include="RES\long_leg_cat5.bmp">
      <Filter>Resource Files</Filter>
    </Image>
    <Image Include="RES\long_leg_cat6 .bmp">
      <Filter>Resource Files</Filter>
    </Image>
    <Image Include="RES\long_leg_cat_attack.bmp">
      <Filter>Resource Files</Filter>
    </Image>
    <Image Include="RES\long_leg_cat_attack2.bmp">
      <Filter>Resource Files</Filter>
    </Image>
    <Image Include="RES\long_leg_cat_attack3.bmp">
      <Filter>Resource Files</Filter>
    </Image>
    <Image Include="RES\long_leg__cat_attack4.bmp">
      <Filter>Resource Files</Filter>
    </Image>
    <Image Include="RES\long_leg_cat_punch.bmp">
      <Filter>Resource Files</Filter>
    </Image>
    <Image Include="RES\long_leg_cat_attack1.bmp">
      <Filter>Resource Files</Filter>
    </Image>
    <Image Include="RES\battle_cat.bmp">
      <Filter>Resource Files</Filter>
    </Image>
    <Image Include="RES\battle_cat2.bmp">
      <Filter>Resource Files</Filter>
    </Image>
    <Image Include="RES\battle_cat3.bmp">
      <Filter>Resource Files</Filter>
    </Image>
    <Image Include="RES\battle_cat_attack.bmp">
      <Filter>Resource Files</Filter>
    </Image>
    <Image Include="RES\battle_cat_attack2.bmp">
      <Filter>Resource Files</Filter>
    </Image>
    <Image Include="RES\battle_cat_attack3.bmp">
      <Filter>Resource Files</Filter>
    </Image>
    <Image Include="RES\battle_cat_attack4.bmp">
      <Filter>Resource Files</Filter>
    </Image>
    <Image Include="RES\battle_cat_punch.bmp">
      <Filter>Resource Files</Filter>
    </Image>
    <Image Include="RES\battle_cat_btn.bmp">
      <Filter>Resource Files</Filter>
    </Image>
    <Image Include="RES\battle_cat_btn_dark.bmp">
      <Filter>Resource Files</Filter>
    </Image>
    <Image Include="RES\world_map.bmp">
      <Filter>Resource Files</Filter>
    </Image>
    <Image Include="RES\start_btn.bmp">
      <Filter>Resource Files</Filter>
    </Image>
    <Image Include="RES\start_btn2.bmp">
      <Filter>Resource Files</Filter>
    </Image>
    <Image Include="RES\start_btn3.bmp">
      <Filter>Resource Files</Filter>
    </Image>
    <Image Include="RES\start_btn4.bmp">
      <Filter>Resource Files</Filter>
    </Image>
    <Image Include="RES\back_btn.bmp">
      <Filter>Resource Files</Filter>
    </Image>
    <Image Include="RES\back_btn2.bmp">
      <Filter>Resource Files</Filter>
    </Image>
    <Image Include="RES\back_btn3.bmp">
      <Filter>Resource Files</Filter>
    </Image>
    <Image Include="RES\back_btn4.bmp">
      <Filter>Resource Files</Filter>
    </Image>
    <Image Include="RES\return_btn5.bmp">
      <Filter>Resource Files</Filter>
    </Image>
    <Image Include="RES\return_btn.bmp">
      <Filter>Resource Files</Filter>
    </Image>
    <Image Include="RES\return_btn2.bmp">
      <Filter>Resource Files</Filter>
    </Image>
    <Image Include="RES\return_btn3.bmp">
      <Filter>Resource Files</Filter>
    </Image>
    <Image Include="RES\return_btn4.bmp">
      <Filter>Resource Files</Filter>
    </Image>
    <Image Include="RES\start_btn5.bmp">
      <Filter>Resource Files</Filter>
    </Image>
    <Image Include="RES\God_cat.bmp">
      <Filter>Resource Files</Filter>
    </Image>
    <Image Include="RES\God_cat 01.bmp">
      <Filter>Resource Files</Filter>
    </Image>
    <Image Include="RES\God_cat 02.bmp">
      <Filter>Resource Files</Filter>
    </Image>
    <Image Include="RES\God_cat 03.bmp">
      <Filter>Resource Files</Filter>
    </Image>
    <Image Include="RES\God_cat 04.bmp">
      <Filter>Resource Files</Filter>
    </Image>
    <Image Include="RES\God_cat 05.bmp">
      <Filter>Resource Files</Filter>
    </Image>
    <Image Include="RES\God_cat 06.bmp">
      <Filter>Resource Files</Filter>
    </Image>
    <Image Include="RES\God_cat 07.bmp">
      <Filter>Resource Files</Filter>
    </Image>
    <Image Include="RES\God_cat 08.bmp">
      <Filter>Resource Files</Filter>
    </Image>
    <Image Include="RES\God_cat 09.bmp">
      <Filter>Resource Files</Filter>
    </Image>
    <Image Include="RES\God_cat 10.bmp">
      <Filter>Resource Files</Filter>
    </Image>
    <Image Include="RES\God_cat 11.bmp">
      <Filter>Resource Files</Filter>
    </Image>
    <Image Include="RES\God_cat 12.bmp">
      <Filter>Resource Files</Filter>
    </Image>
    <Image Include="RES\God_cat 13.bmp">
      <Filter>Resource Files</Filter>
    </Image>
    <Image Include="RES\God_cat 14.bmp">
      <Filter>Resource Files</Filter>
    </Image>
    <Image Include="RES\God_cat 15.bmp">
      <Filter>Resource Files</Filter>
    </Image>
    <Image Include="RES\God_cat 16.bmp">
      <Filter>Resource Files</Filter>
    </Image>
    <Image Include="RES\God_cat 17.bmp">
      <Filter>Resource Files</Filter>
    </Image>
    <Image Include="RES\God_cat 18.bmp">
      <Filter>Resource Files</Filter>
    </Image>
    <Image Include="RES\God_cat 19.bmp">
      <Filter>Resource Files</Filter>
    </Image>
    <Image Include="RES\God_cat 20.bmp">
      <Filter>Resource Files</Filter>
    </Image>
    <Image Include="RES\God_cat 21.bmp">
      <Filter>Resource Files</Filter>
    </Image>
    <Image Include="RES\God_cat 22.bmp">
      <Filter>Resource Files</Filter>
    </Image>
    <Image Include="RES\God_cat 23.bmp">
      <Filter>Resource Files</Filter>
    </Image>
    <Image Include="RES\God_cat 24.bmp">
      <Filter>Resource Files</Filter>
    </Image>
    <Image Include="RES\God_cat 25.bmp">
      <Filter>Resource Files</Filter>
    </Image>
    <Image Include="RES\God_cat 26.bmp">
      <Filter>Resource Files</Filter>
    </Image>
    <Image Include="RES\God_cat 27.bmp">
      <Filter>Resource Files</Filter>
    </Image>
    <Image Include="RES\God_cat 28.bmp">
      <Filter>Resource Files</Filter>
    </Image>
    <Image Include="RES\God_cat 29.bmp">
      <Filter>Resource Files</Filter>
    </Image>
    <Image Include="RES\God_cat 30.bmp">
      <Filter>Resource Files</Filter>
    </Image>
    <Image Include="RES\God_cat 31.bmp">
      <Filter>Resource Files</Filter>
    </Image>
    <Image Include="RES\God_cat 32.bmp">
      <Filter>Resource Files</Filter>
    </Image>
    <Image Include="RES\God_cat 33.bmp">
      <Filter>Resource Files</Filter>
    </Image>
    <Image Include="RES\God_cat 34.bmp">
      <Filter>Resource Files</Filter>
    </Image>
    <Image Include="RES\God_cat 35.bmp">
      <Filter>Resource Files</Filter>
    </Image>
    <Image Include="RES\God_cat 36.bmp">
      <Filter>Resource Files</Filter>
    </Image>
    <Image Include="RES\God_cat 37.bmp">
      <Filter>Resource Files</Filter>
    </Image>
    <Image Include="RES\God_cat 38.bmp">
      <Filter>Resource Files</Filter>
    </Image>
    <Image Include="RES\God_cat 39.bmp">
      <Filter>Resource Files</Filter>
    </Image>
    <Image Include="RES\God_cat 40.bmp">
      <Filter>Resource Files</Filter>
    </Image>
    <Image Include="RES\God_cat 41.bmp">
      <Filter>Resource Files</Filter>
    </Image>
    <Image Include="RES\God_cat 42.bmp">
      <Filter>Resource Files</Filter>
    </Image>
    <Image Include="RES\God_cat 43.bmp">
      <Filter>Resource Files</Filter>
    </Image>
    <Image Include="RES\God_cat 44.bmp">
      <Filter>Resource Files</Filter>
    </Image>
    <Image Include="RES\God_power.bmp">
      <Filter>Resource Files</Filter>
    </Image>
    <Image Include="RES\GodR.bmp">
      <Filter>Resource Files</Filter>
    </Image>
    <Image Include="RES\GodL.bmp">
      <Filter>Resource Files</Filter>
    </Image>
    <Image Include="RES\GodLM.bmp">
      <Filter>Resource Files</Filter>
    </Image>
    <Image Include="RES\halo.bmp">
      <Filter>Resource Files</Filter>
    </Image>
    <Image Include="RES\blingL.bmp">
      <Filter>Resource Files</Filter>
    </Image>
    <Image Include="RES\blingL1.bmp">
      <Filter>Resource Files</Filter>
    </Image>
    <Image Include="RES\blingL2.bmp">
      <Filter>Resource Files</Filter>
    </Image>
    <Image Include="RES\blingL3.bmp">
      <Filter>Resource Files</Filter>
    </Image>
    <Image Include="RES\blingL4.bmp">
      <Filter>Resource Files</Filter>
    </Image>
    <Image Include="RES\blingL5.bmp">
      <Filter>Resource Files</Filter>
    </Image>
    <Image Include="RES\blingL6.bmp">
      <Filter>Resource Files</Filter>
    </Image>
    <Image Include="RES\blingL7.bmp">
      <Filter>Resource Files</Filter>
    </Image>
    <Image Include="RES\blingL8.bmp">
      <Filter>Resource Files</Filter>
    </Image>
    <Image Include="RES\blingL9.bmp">
      <Filter>Resource Files</Filter>
    </Image>
    <Image Include="RES\blingL10.bmp">
      <Filter>Resource Files</Filter>
    </Image>
    <Image Include="RES\blingL11.bmp">
      <Filter>Resource Files</Filter>
    </Image>
    <Image Include="RES\blingL12.bmp">
      <Filter>Resource Files</Filter>
    </Image>
    <Image Include="RES\blingL13.bmp">
      <Filter>Resource Files</Filter>
    </Image>
    <Image Include="RES\blingL14.bmp">
      <Filter>Resource Files</Filter>
    </Image>
    <Image Include="RES\blingL15.bmp">
      <Filter>Resource Files</Filter>
    </Image>
    <Image Include="RES\blingL16.bmp">
      <Filter>Resource Files</Filter>
    </Image>
    <Image Include="RES\blingL17.bmp">
      <Filter>Resource Files</Filter>
    </Image>
    <Image Include="RES\blingL18.bmp">
      <Filter>Resource Files</Filter>
    </Image>
    <Image Include="RES\blingL19.bmp">
      <Filter>Resource Files</Filter>
    </Image>
    <Image Include="RES\blingL20.bmp">
      <Filter>Resource Files</Filter>
    </Image>
    <Image Include="RES\blingL21.bmp">
      <Filter>Resource Files</Filter>
    </Image>
    <Image Include="RES\blingL22.bmp">
      <Filter>Resource Files</Filter>
    </Image>
    <Image Include="RES\blingL23.bmp">
      <Filter>Resource Files</Filter>
    </Image>
    <Image Include="RES\blingL24.bmp">
      <Filter>Resource Files</Filter>
    </Image>
    <Image Include="RES\blingL25.bmp">
      <Filter>Resource Files</Filter>
    </Image>
    <Image Include="RES\stage1.bmp">
      <Filter>Resource Files</Filter>
    </Image>
    <Image Include="RES\pin.bmp">
      <Filter>Resource Files</Filter>
    </Image>
    <Image Include="RES\pin3.bmp">
      <Filter>Resource Files</Filter>
    </Image>
    <Image Include="RES\stage2.bmp">
      <Filter>Resource Files</Filter>
    </Image>
    <Image Include="RES\L_arrow.bmp">
      <Filter>Resource Files</Filter>
    </Image>
    <Image Include="RES\R_arrow.bmp">
      <Filter>Resource Files</Filter>
    </Image>
    <Image Include="RES\battle_btn.bmp">
      <Filter>Resource Files</Filter>
    </Image>
    <Image Include="RES\battle_btn2.bmp">
      <Filter>Resource Files</Filter>
    </Image>
    <Image Include="RES\battle_btn3.bmp">
      <Filter>Resource Files</Filter>
    </Image>
    <Image Include="RES\battle_btn4.bmp">
      <Filter>Resource Files</Filter>
    </Image>
    <Image Include="res\bitmap5.bmp">
      <Filter>Resource Files</Filter>
    </Image>
    <Image Include="res\bitmap6.bmp">
      <Filter>Resource Files</Filter>
    </Image>
    <Image Include="RES\battle_b.bmp">
      <Filter>Resource Files</Filter>
    </Image>
    <Image Include="RES\pin2.bmp">
      <Filter>Resource Files</Filter>
    </Image>
  </ItemGroup>
</Project>